
Microsoft Visual Studio Solution File, Format Version 12.00
# Visual Studio Version 17
VisualStudioVersion = 17.2.32616.157
MinimumVisualStudioVersion = 10.0.40219.1
Project("{2150E333-8FDC-42A3-9474-1A3956D46DE8}") = "Services", "Services", "{C27E89FB-920E-4BF0-A25B-D78BED9E3EBD}"
EndProject
Project("{2150E333-8FDC-42A3-9474-1A3956D46DE8}") = "Catalog", "Catalog", "{303D48AD-134E-4E3E-9776-FB41EE64812B}"
EndProject
Project("{FAE04EC0-301F-11D3-BF4B-00C04F79EFBC}") = "Catalog.API", "Services\Catalog\Catalog.API\Catalog.API.csproj", "{5CBCE7B3-4B86-4A0F-8ED0-D243AD8CC424}"
EndProject
Global
	GlobalSection(SolutionConfigurationPlatforms) = preSolution
		Debug|Any CPU = Debug|Any CPU
		Release|Any CPU = Release|Any CPU
	EndGlobalSection
	GlobalSection(ProjectConfigurationPlatforms) = postSolution
		{5CBCE7B3-4B86-4A0F-8ED0-D243AD8CC424}.Debug|Any CPU.ActiveCfg = Debug|Any CPU
		{5CBCE7B3-4B86-4A0F-8ED0-D243AD8CC424}.Debug|Any CPU.Build.0 = Debug|Any CPU
		{5CBCE7B3-4B86-4A0F-8ED0-D243AD8CC424}.Release|Any CPU.ActiveCfg = Release|Any CPU
		{5CBCE7B3-4B86-4A0F-8ED0-D243AD8CC424}.Release|Any CPU.Build.0 = Release|Any CPU
	EndGlobalSection
	GlobalSection(SolutionProperties) = preSolution
		HideSolutionNode = FALSE
	EndGlobalSection
	GlobalSection(NestedProjects) = preSolution
		{303D48AD-134E-4E3E-9776-FB41EE64812B} = {C27E89FB-920E-4BF0-A25B-D78BED9E3EBD}
		{5CBCE7B3-4B86-4A0F-8ED0-D243AD8CC424} = {303D48AD-134E-4E3E-9776-FB41EE64812B}
	EndGlobalSection
	GlobalSection(ExtensibilityGlobals) = postSolution
		SolutionGuid = {B2E8DD83-6BA5-4B34-B27E-6B29827411D1}
	EndGlobalSection
EndGlobal
