
Microsoft Visual Studio Solution File, Format Version 12.00
# Visual Studio Version 17
VisualStudioVersion = 17.2.32616.157
MinimumVisualStudioVersion = 10.0.40219.1
Project("{2150E333-8FDC-42A3-9474-1A3956D46DE8}") = "Services", "Services", "{C27E89FB-920E-4BF0-A25B-D78BED9E3EBD}"
EndProject
Project("{2150E333-8FDC-42A3-9474-1A3956D46DE8}") = "Catalog", "Catalog", "{303D48AD-134E-4E3E-9776-FB41EE64812B}"
EndProject
Project("{9A19103F-16F7-4668-BE54-9A1E7A4F7556}") = "Catalog.API", "Services\Catalog\Catalog.API\Catalog.API.csproj", "{5CBCE7B3-4B86-4A0F-8ED0-D243AD8CC424}"
EndProject
Project("{E53339B2-1760-4266-BCC7-CA923CBCF16C}") = "docker-compose", "docker-compose.dcproj", "{18A77712-DC83-4BF3-8307-82856250B095}"
EndProject
Project("{2150E333-8FDC-42A3-9474-1A3956D46DE8}") = "Basket", "Basket", "{7ACF36F3-2263-4D70-82B6-EB931B3A0597}"
EndProject
Project("{FAE04EC0-301F-11D3-BF4B-00C04F79EFBC}") = "Basket.API", "Services\Basket\Basket.API\Basket.API.csproj", "{3DF1D978-D791-41EA-92A2-71B63FD8B6A4}"
EndProject
Global
	GlobalSection(SolutionConfigurationPlatforms) = preSolution
		Debug|Any CPU = Debug|Any CPU
		Release|Any CPU = Release|Any CPU
	EndGlobalSection
	GlobalSection(ProjectConfigurationPlatforms) = postSolution
		{5CBCE7B3-4B86-4A0F-8ED0-D243AD8CC424}.Debug|Any CPU.ActiveCfg = Debug|Any CPU
		{5CBCE7B3-4B86-4A0F-8ED0-D243AD8CC424}.Debug|Any CPU.Build.0 = Debug|Any CPU
		{5CBCE7B3-4B86-4A0F-8ED0-D243AD8CC424}.Release|Any CPU.ActiveCfg = Release|Any CPU
		{5CBCE7B3-4B86-4A0F-8ED0-D243AD8CC424}.Release|Any CPU.Build.0 = Release|Any CPU
		{18A77712-DC83-4BF3-8307-82856250B095}.Debug|Any CPU.ActiveCfg = Debug|Any CPU
		{18A77712-DC83-4BF3-8307-82856250B095}.Debug|Any CPU.Build.0 = Debug|Any CPU
		{18A77712-DC83-4BF3-8307-82856250B095}.Release|Any CPU.ActiveCfg = Release|Any CPU
		{18A77712-DC83-4BF3-8307-82856250B095}.Release|Any CPU.Build.0 = Release|Any CPU
		{3DF1D978-D791-41EA-92A2-71B63FD8B6A4}.Debug|Any CPU.ActiveCfg = Debug|Any CPU
		{3DF1D978-D791-41EA-92A2-71B63FD8B6A4}.Debug|Any CPU.Build.0 = Debug|Any CPU
		{3DF1D978-D791-41EA-92A2-71B63FD8B6A4}.Release|Any CPU.ActiveCfg = Release|Any CPU
		{3DF1D978-D791-41EA-92A2-71B63FD8B6A4}.Release|Any CPU.Build.0 = Release|Any CPU
	EndGlobalSection
	GlobalSection(SolutionProperties) = preSolution
		HideSolutionNode = FALSE
	EndGlobalSection
	GlobalSection(NestedProjects) = preSolution
		{303D48AD-134E-4E3E-9776-FB41EE64812B} = {C27E89FB-920E-4BF0-A25B-D78BED9E3EBD}
		{5CBCE7B3-4B86-4A0F-8ED0-D243AD8CC424} = {303D48AD-134E-4E3E-9776-FB41EE64812B}
		{7ACF36F3-2263-4D70-82B6-EB931B3A0597} = {C27E89FB-920E-4BF0-A25B-D78BED9E3EBD}
		{3DF1D978-D791-41EA-92A2-71B63FD8B6A4} = {7ACF36F3-2263-4D70-82B6-EB931B3A0597}
	EndGlobalSection
	GlobalSection(ExtensibilityGlobals) = postSolution
		SolutionGuid = {B2E8DD83-6BA5-4B34-B27E-6B29827411D1}
	EndGlobalSection
EndGlobal
